
Microsoft Visual Studio Solution File, Format Version 12.00
# Visual Studio 2015
Project("{FAE04EC0-301F-11D3-BF4B-00C04F79EFBC}") = "Fall2016CGC.CSharp.Plugins", "Fall2016CGC.CSharp.Plugins.csproj", "{B1F33E11-64CF-A1F2-97DF-095C85BC73CA}"
EndProject
Project("{FAE04EC0-301F-11D3-BF4B-00C04F79EFBC}") = "Fall2016CGC.CSharp", "Fall2016CGC.CSharp.csproj", "{4E14FA40-3DB4-1AE3-1D3E-BF20D5B9F7CD}"
EndProject
Project("{FAE04EC0-301F-11D3-BF4B-00C04F79EFBC}") = "Fall2016CGC.CSharp.Editor.Plugins", "Fall2016CGC.CSharp.Editor.Plugins.csproj", "{A5A7EE4F-2371-E784-8B8F-8A0EDD4C166F}"
EndProject
Global
	GlobalSection(SolutionConfigurationPlatforms) = preSolution
		Debug|Any CPU = Debug|Any CPU
		Release|Any CPU = Release|Any CPU
	EndGlobalSection
	GlobalSection(ProjectConfigurationPlatforms) = postSolution
		{B1F33E11-64CF-A1F2-97DF-095C85BC73CA}.Debug|Any CPU.ActiveCfg = Debug|Any CPU
		{B1F33E11-64CF-A1F2-97DF-095C85BC73CA}.Debug|Any CPU.Build.0 = Debug|Any CPU
		{B1F33E11-64CF-A1F2-97DF-095C85BC73CA}.Release|Any CPU.ActiveCfg = Release|Any CPU
		{B1F33E11-64CF-A1F2-97DF-095C85BC73CA}.Release|Any CPU.Build.0 = Release|Any CPU
		{4E14FA40-3DB4-1AE3-1D3E-BF20D5B9F7CD}.Debug|Any CPU.ActiveCfg = Debug|Any CPU
		{4E14FA40-3DB4-1AE3-1D3E-BF20D5B9F7CD}.Debug|Any CPU.Build.0 = Debug|Any CPU
		{4E14FA40-3DB4-1AE3-1D3E-BF20D5B9F7CD}.Release|Any CPU.ActiveCfg = Release|Any CPU
		{4E14FA40-3DB4-1AE3-1D3E-BF20D5B9F7CD}.Release|Any CPU.Build.0 = Release|Any CPU
		{A5A7EE4F-2371-E784-8B8F-8A0EDD4C166F}.Debug|Any CPU.ActiveCfg = Debug|Any CPU
		{A5A7EE4F-2371-E784-8B8F-8A0EDD4C166F}.Debug|Any CPU.Build.0 = Debug|Any CPU
		{A5A7EE4F-2371-E784-8B8F-8A0EDD4C166F}.Release|Any CPU.ActiveCfg = Release|Any CPU
		{A5A7EE4F-2371-E784-8B8F-8A0EDD4C166F}.Release|Any CPU.Build.0 = Release|Any CPU
	EndGlobalSection
	GlobalSection(SolutionProperties) = preSolution
		HideSolutionNode = FALSE
	EndGlobalSection
EndGlobal
